
Microsoft Visual Studio Solution File, Format Version 12.00
# Visual Studio Version 17
VisualStudioVersion = 17.14.36915.13 d17.14
MinimumVisualStudioVersion = 10.0.40219.1
Project("{FAE04EC0-301F-11D3-BF4B-00C04F79EFBC}") = "Finding the unique elements", "Finding the unique elements.csproj", "{801CCAC2-99DC-4837-8A91-9054B1C94DD5}"
EndProject
Global
	GlobalSection(SolutionConfigurationPlatforms) = preSolution
		Debug|Any CPU = Debug|Any CPU
		Release|Any CPU = Release|Any CPU
	EndGlobalSection
	GlobalSection(ProjectConfigurationPlatforms) = postSolution
		{801CCAC2-99DC-4837-8A91-9054B1C94DD5}.Debug|Any CPU.ActiveCfg = Debug|Any CPU
		{801CCAC2-99DC-4837-8A91-9054B1C94DD5}.Debug|Any CPU.Build.0 = Debug|Any CPU
		{801CCAC2-99DC-4837-8A91-9054B1C94DD5}.Release|Any CPU.ActiveCfg = Release|Any CPU
		{801CCAC2-99DC-4837-8A91-9054B1C94DD5}.Release|Any CPU.Build.0 = Release|Any CPU
	EndGlobalSection
	GlobalSection(SolutionProperties) = preSolution
		HideSolutionNode = FALSE
	EndGlobalSection
	GlobalSection(ExtensibilityGlobals) = postSolution
		SolutionGuid = {8D3F39C9-ACA6-4931-9A0D-AA9C46121DA9}
	EndGlobalSection
EndGlobal
